<?xml version="1.0" encoding="utf-8"?>
<Project ToolsVersion="4.0" xmlns="http://schemas.microsoft.com/developer/msbuild/2003">
  <ItemGroup>
    <Filter Include="Leido">
      <UniqueIdentifier>{B274970D-1E89-BFBE-E70A-631E53DEBBEF}</UniqueIdentifier>
    </Filter>
    <Filter Include="Leido\Events">
      <UniqueIdentifier>{56A468E3-4207-F887-EB8C-303ED7CEC30A}</UniqueIdentifier>
    </Filter>
    <Filter Include="Platform">
      <UniqueIdentifier>{2AC788B4-1694-E3BF-3FAD-D1672BD9184E}</UniqueIdentifier>
    </Filter>
    <Filter Include="Platform\Windows">
      <UniqueIdentifier>{64FBD71A-50F4-F66C-7926-DCF1657ED678}</UniqueIdentifier>
    </Filter>
  </ItemGroup>
  <ItemGroup>
    <ClInclude Include="src\Leido.h" />
    <ClInclude Include="src\Leido\Application.h">
      <Filter>Leido</Filter>
    </ClInclude>
    <ClInclude Include="src\Leido\Core.h">
      <Filter>Leido</Filter>
    </ClInclude>
    <ClInclude Include="src\Leido\EntryPoint.h">
      <Filter>Leido</Filter>
    </ClInclude>
    <ClInclude Include="src\Leido\Events\ApplicationEvent.h">
      <Filter>Leido\Events</Filter>
    </ClInclude>
    <ClInclude Include="src\Leido\Events\Event.h">
      <Filter>Leido\Events</Filter>
    </ClInclude>
    <ClInclude Include="src\Leido\Events\KeyEvent.h">
      <Filter>Leido\Events</Filter>
    </ClInclude>
    <ClInclude Include="src\Leido\Events\MouseEvent.h">
      <Filter>Leido\Events</Filter>
    </ClInclude>
    <ClInclude Include="src\Leido\Log.h">
      <Filter>Leido</Filter>
    </ClInclude>
    <ClInclude Include="src\Leido\Window.h">
      <Filter>Leido</Filter>
    </ClInclude>
    <ClInclude Include="src\Platform\Windows\WindowsWindow.h">
      <Filter>Platform\Windows</Filter>
    </ClInclude>
    <ClInclude Include="src\leidopch.h" />
  </ItemGroup>
  <ItemGroup>
    <ClCompile Include="src\Leido\Application.cpp">
      <Filter>Leido</Filter>
    </ClCompile>
    <ClCompile Include="src\Leido\Log.cpp">
      <Filter>Leido</Filter>
    </ClCompile>
    <ClCompile Include="src\Platform\Windows\WindowsWindow.cpp">
      <Filter>Platform\Windows</Filter>
    </ClCompile>
    <ClCompile Include="src\leidopch.cpp" />
  </ItemGroup>
</Project>